
Microsoft Visual Studio Solution File, Format Version 12.00
# Visual Studio 15
VisualStudioVersion = 15.0.28010.2036
MinimumVisualStudioVersion = 10.0.40219.1
Project("{FAE04EC0-301F-11D3-BF4B-00C04F79EFBC}") = "7ShiftStringCalculator", "7ShiftStringCalculator\7ShiftStringCalculator.csproj", "{C55C48C5-B97B-48DF-A306-69D156609BEA}"
EndProject
Project("{FAE04EC0-301F-11D3-BF4B-00C04F79EFBC}") = "7ShiftStringCalculatorTests", "7ShiftStringCalculatorTests\7ShiftStringCalculatorTests.csproj", "{9701FC42-0BD0-44DE-9C1D-156BE07387F8}"
EndProject
Global
	GlobalSection(SolutionConfigurationPlatforms) = preSolution
		Debug|Any CPU = Debug|Any CPU
		Release|Any CPU = Release|Any CPU
	EndGlobalSection
	GlobalSection(ProjectConfigurationPlatforms) = postSolution
		{C55C48C5-B97B-48DF-A306-69D156609BEA}.Debug|Any CPU.ActiveCfg = Debug|Any CPU
		{C55C48C5-B97B-48DF-A306-69D156609BEA}.Debug|Any CPU.Build.0 = Debug|Any CPU
		{C55C48C5-B97B-48DF-A306-69D156609BEA}.Release|Any CPU.ActiveCfg = Release|Any CPU
		{C55C48C5-B97B-48DF-A306-69D156609BEA}.Release|Any CPU.Build.0 = Release|Any CPU
		{9701FC42-0BD0-44DE-9C1D-156BE07387F8}.Debug|Any CPU.ActiveCfg = Debug|Any CPU
		{9701FC42-0BD0-44DE-9C1D-156BE07387F8}.Debug|Any CPU.Build.0 = Debug|Any CPU
		{9701FC42-0BD0-44DE-9C1D-156BE07387F8}.Release|Any CPU.ActiveCfg = Release|Any CPU
		{9701FC42-0BD0-44DE-9C1D-156BE07387F8}.Release|Any CPU.Build.0 = Release|Any CPU
	EndGlobalSection
	GlobalSection(SolutionProperties) = preSolution
		HideSolutionNode = FALSE
	EndGlobalSection
	GlobalSection(ExtensibilityGlobals) = postSolution
		SolutionGuid = {8BF8EF51-579C-40D3-9D0A-0A5A80024262}
	EndGlobalSection
EndGlobal
